
Microsoft Visual Studio Solution File, Format Version 12.00
# Visual Studio Version 16
VisualStudioVersion = 16.0.29418.71
MinimumVisualStudioVersion = 10.0.40219.1
Project("{FAE04EC0-301F-11D3-BF4B-00C04F79EFBC}") = "EstagiosTCC.UWP", "EstagiosTCC.UWP\EstagiosTCC.UWP.csproj", "{54E3B979-D725-4A77-B717-36E91DB28055}"
EndProject
Project("{FAE04EC0-301F-11D3-BF4B-00C04F79EFBC}") = "EstagiosTCC.Android", "EstagiosTCC.Android\EstagiosTCC.Android.csproj", "{47EE6697-457A-4EB3-B37D-72B0DFB8FE67}"
EndProject
Project("{FAE04EC0-301F-11D3-BF4B-00C04F79EFBC}") = "EstagiosTCC.iOS", "EstagiosTCC.iOS\EstagiosTCC.iOS.csproj", "{7EE2A5F3-36D6-4B85-894C-054DCC066EEA}"
EndProject
Project("{9A19103F-16F7-4668-BE54-9A1E7A4F7556}") = "EstagiosTCC", "EstagiosTCC\EstagiosTCC.csproj", "{065940E8-3CAD-486E-AB17-6C8535DA4C0C}"
EndProject
Global
	GlobalSection(SolutionConfigurationPlatforms) = preSolution
		Debug|Any CPU = Debug|Any CPU
		Debug|ARM = Debug|ARM
		Debug|iPhone = Debug|iPhone
		Debug|iPhoneSimulator = Debug|iPhoneSimulator
		Debug|x64 = Debug|x64
		Debug|x86 = Debug|x86
		Release|Any CPU = Release|Any CPU
		Release|ARM = Release|ARM
		Release|iPhone = Release|iPhone
		Release|iPhoneSimulator = Release|iPhoneSimulator
		Release|x64 = Release|x64
		Release|x86 = Release|x86
	EndGlobalSection
	GlobalSection(ProjectConfigurationPlatforms) = postSolution
		{54E3B979-D725-4A77-B717-36E91DB28055}.Debug|Any CPU.ActiveCfg = Debug|x86
		{54E3B979-D725-4A77-B717-36E91DB28055}.Debug|Any CPU.Build.0 = Debug|x86
		{54E3B979-D725-4A77-B717-36E91DB28055}.Debug|Any CPU.Deploy.0 = Debug|x86
		{54E3B979-D725-4A77-B717-36E91DB28055}.Debug|ARM.ActiveCfg = Debug|ARM
		{54E3B979-D725-4A77-B717-36E91DB28055}.Debug|ARM.Build.0 = Debug|ARM
		{54E3B979-D725-4A77-B717-36E91DB28055}.Debug|ARM.Deploy.0 = Debug|ARM
		{54E3B979-D725-4A77-B717-36E91DB28055}.Debug|iPhone.ActiveCfg = Debug|x86
		{54E3B979-D725-4A77-B717-36E91DB28055}.Debug|iPhone.Build.0 = Debug|x86
		{54E3B979-D725-4A77-B717-36E91DB28055}.Debug|iPhone.Deploy.0 = Debug|x86
		{54E3B979-D725-4A77-B717-36E91DB28055}.Debug|iPhoneSimulator.ActiveCfg = Debug|x86
		{54E3B979-D725-4A77-B717-36E91DB28055}.Debug|iPhoneSimulator.Build.0 = Debug|x86
		{54E3B979-D725-4A77-B717-36E91DB28055}.Debug|iPhoneSimulator.Deploy.0 = Debug|x86
		{54E3B979-D725-4A77-B717-36E91DB28055}.Debug|x64.ActiveCfg = Debug|x64
		{54E3B979-D725-4A77-B717-36E91DB28055}.Debug|x64.Build.0 = Debug|x64
		{54E3B979-D725-4A77-B717-36E91DB28055}.Debug|x64.Deploy.0 = Debug|x64
		{54E3B979-D725-4A77-B717-36E91DB28055}.Debug|x86.ActiveCfg = Debug|x86
		{54E3B979-D725-4A77-B717-36E91DB28055}.Debug|x86.Build.0 = Debug|x86
		{54E3B979-D725-4A77-B717-36E91DB28055}.Debug|x86.Deploy.0 = Debug|x86
		{54E3B979-D725-4A77-B717-36E91DB28055}.Release|Any CPU.ActiveCfg = Release|x86
		{54E3B979-D725-4A77-B717-36E91DB28055}.Release|Any CPU.Build.0 = Release|x86
		{54E3B979-D725-4A77-B717-36E91DB28055}.Release|Any CPU.Deploy.0 = Release|x86
		{54E3B979-D725-4A77-B717-36E91DB28055}.Release|ARM.ActiveCfg = Release|ARM
		{54E3B979-D725-4A77-B717-36E91DB28055}.Release|ARM.Build.0 = Release|ARM
		{54E3B979-D725-4A77-B717-36E91DB28055}.Release|ARM.Deploy.0 = Release|ARM
		{54E3B979-D725-4A77-B717-36E91DB28055}.Release|iPhone.ActiveCfg = Release|x86
		{54E3B979-D725-4A77-B717-36E91DB28055}.Release|iPhone.Build.0 = Release|x86
		{54E3B979-D725-4A77-B717-36E91DB28055}.Release|iPhone.Deploy.0 = Release|x86
		{54E3B979-D725-4A77-B717-36E91DB28055}.Release|iPhoneSimulator.ActiveCfg = Release|x86
		{54E3B979-D725-4A77-B717-36E91DB28055}.Release|iPhoneSimulator.Build.0 = Release|x86
		{54E3B979-D725-4A77-B717-36E91DB28055}.Release|iPhoneSimulator.Deploy.0 = Release|x86
		{54E3B979-D725-4A77-B717-36E91DB28055}.Release|x64.ActiveCfg = Release|x64
		{54E3B979-D725-4A77-B717-36E91DB28055}.Release|x64.Build.0 = Release|x64
		{54E3B979-D725-4A77-B717-36E91DB28055}.Release|x64.Deploy.0 = Release|x64
		{54E3B979-D725-4A77-B717-36E91DB28055}.Release|x86.ActiveCfg = Release|x86
		{54E3B979-D725-4A77-B717-36E91DB28055}.Release|x86.Build.0 = Release|x86
		{54E3B979-D725-4A77-B717-36E91DB28055}.Release|x86.Deploy.0 = Release|x86
		{47EE6697-457A-4EB3-B37D-72B0DFB8FE67}.Debug|Any CPU.ActiveCfg = Debug|Any CPU
		{47EE6697-457A-4EB3-B37D-72B0DFB8FE67}.Debug|Any CPU.Build.0 = Debug|Any CPU
		{47EE6697-457A-4EB3-B37D-72B0DFB8FE67}.Debug|Any CPU.Deploy.0 = Debug|Any CPU
		{47EE6697-457A-4EB3-B37D-72B0DFB8FE67}.Debug|ARM.ActiveCfg = Debug|Any CPU
		{47EE6697-457A-4EB3-B37D-72B0DFB8FE67}.Debug|ARM.Build.0 = Debug|Any CPU
		{47EE6697-457A-4EB3-B37D-72B0DFB8FE67}.Debug|ARM.Deploy.0 = Debug|Any CPU
		{47EE6697-457A-4EB3-B37D-72B0DFB8FE67}.Debug|iPhone.ActiveCfg = Debug|Any CPU
		{47EE6697-457A-4EB3-B37D-72B0DFB8FE67}.Debug|iPhone.Build.0 = Debug|Any CPU
		{47EE6697-457A-4EB3-B37D-72B0DFB8FE67}.Debug|iPhone.Deploy.0 = Debug|Any CPU
		{47EE6697-457A-4EB3-B37D-72B0DFB8FE67}.Debug|iPhoneSimulator.ActiveCfg = Debug|Any CPU
		{47EE6697-457A-4EB3-B37D-72B0DFB8FE67}.Debug|iPhoneSimulator.Build.0 = Debug|Any CPU
		{47EE6697-457A-4EB3-B37D-72B0DFB8FE67}.Debug|iPhoneSimulator.Deploy.0 = Debug|Any CPU
		{47EE6697-457A-4EB3-B37D-72B0DFB8FE67}.Debug|x64.ActiveCfg = Debug|Any CPU
		{47EE6697-457A-4EB3-B37D-72B0DFB8FE67}.Debug|x64.Build.0 = Debug|Any CPU
		{47EE6697-457A-4EB3-B37D-72B0DFB8FE67}.Debug|x64.Deploy.0 = Debug|Any CPU
		{47EE6697-457A-4EB3-B37D-72B0DFB8FE67}.Debug|x86.ActiveCfg = Debug|Any CPU
		{47EE6697-457A-4EB3-B37D-72B0DFB8FE67}.Debug|x86.Build.0 = Debug|Any CPU
		{47EE6697-457A-4EB3-B37D-72B0DFB8FE67}.Debug|x86.Deploy.0 = Debug|Any CPU
		{47EE6697-457A-4EB3-B37D-72B0DFB8FE67}.Release|Any CPU.ActiveCfg = Release|Any CPU
		{47EE6697-457A-4EB3-B37D-72B0DFB8FE67}.Release|Any CPU.Build.0 = Release|Any CPU
		{47EE6697-457A-4EB3-B37D-72B0DFB8FE67}.Release|Any CPU.Deploy.0 = Release|Any CPU
		{47EE6697-457A-4EB3-B37D-72B0DFB8FE67}.Release|ARM.ActiveCfg = Release|Any CPU
		{47EE6697-457A-4EB3-B37D-72B0DFB8FE67}.Release|ARM.Build.0 = Release|Any CPU
		{47EE6697-457A-4EB3-B37D-72B0DFB8FE67}.Release|ARM.Deploy.0 = Release|Any CPU
		{47EE6697-457A-4EB3-B37D-72B0DFB8FE67}.Release|iPhone.ActiveCfg = Release|Any CPU
		{47EE6697-457A-4EB3-B37D-72B0DFB8FE67}.Release|iPhone.Build.0 = Release|Any CPU
		{47EE6697-457A-4EB3-B37D-72B0DFB8FE67}.Release|iPhone.Deploy.0 = Release|Any CPU
		{47EE6697-457A-4EB3-B37D-72B0DFB8FE67}.Release|iPhoneSimulator.ActiveCfg = Release|Any CPU
		{47EE6697-457A-4EB3-B37D-72B0DFB8FE67}.Release|iPhoneSimulator.Build.0 = Release|Any CPU
		{47EE6697-457A-4EB3-B37D-72B0DFB8FE67}.Release|iPhoneSimulator.Deploy.0 = Release|Any CPU
		{47EE6697-457A-4EB3-B37D-72B0DFB8FE67}.Release|x64.ActiveCfg = Release|Any CPU
		{47EE6697-457A-4EB3-B37D-72B0DFB8FE67}.Release|x64.Build.0 = Release|Any CPU
		{47EE6697-457A-4EB3-B37D-72B0DFB8FE67}.Release|x64.Deploy.0 = Release|Any CPU
		{47EE6697-457A-4EB3-B37D-72B0DFB8FE67}.Release|x86.ActiveCfg = Release|Any CPU
		{47EE6697-457A-4EB3-B37D-72B0DFB8FE67}.Release|x86.Build.0 = Release|Any CPU
		{47EE6697-457A-4EB3-B37D-72B0DFB8FE67}.Release|x86.Deploy.0 = Release|Any CPU
		{7EE2A5F3-36D6-4B85-894C-054DCC066EEA}.Debug|Any CPU.ActiveCfg = Debug|iPhone
		{7EE2A5F3-36D6-4B85-894C-054DCC066EEA}.Debug|Any CPU.Build.0 = Debug|iPhone
		{7EE2A5F3-36D6-4B85-894C-054DCC066EEA}.Debug|Any CPU.Deploy.0 = Debug|iPhone
		{7EE2A5F3-36D6-4B85-894C-054DCC066EEA}.Debug|ARM.ActiveCfg = Debug|iPhoneSimulator
		{7EE2A5F3-36D6-4B85-894C-054DCC066EEA}.Debug|ARM.Build.0 = Debug|iPhoneSimulator
		{7EE2A5F3-36D6-4B85-894C-054DCC066EEA}.Debug|ARM.Deploy.0 = Debug|iPhoneSimulator
		{7EE2A5F3-36D6-4B85-894C-054DCC066EEA}.Debug|iPhone.ActiveCfg = Debug|iPhone
		{7EE2A5F3-36D6-4B85-894C-054DCC066EEA}.Debug|iPhone.Build.0 = Debug|iPhone
		{7EE2A5F3-36D6-4B85-894C-054DCC066EEA}.Debug|iPhone.Deploy.0 = Debug|iPhone
		{7EE2A5F3-36D6-4B85-894C-054DCC066EEA}.Debug|iPhoneSimulator.ActiveCfg = Debug|iPhoneSimulator
		{7EE2A5F3-36D6-4B85-894C-054DCC066EEA}.Debug|iPhoneSimulator.Build.0 = Debug|iPhoneSimulator
		{7EE2A5F3-36D6-4B85-894C-054DCC066EEA}.Debug|iPhoneSimulator.Deploy.0 = Debug|iPhoneSimulator
		{7EE2A5F3-36D6-4B85-894C-054DCC066EEA}.Debug|x64.ActiveCfg = Debug|iPhone
		{7EE2A5F3-36D6-4B85-894C-054DCC066EEA}.Debug|x64.Build.0 = Debug|iPhone
		{7EE2A5F3-36D6-4B85-894C-054DCC066EEA}.Debug|x64.Deploy.0 = Debug|iPhone
		{7EE2A5F3-36D6-4B85-894C-054DCC066EEA}.Debug|x86.ActiveCfg = Debug|iPhone
		{7EE2A5F3-36D6-4B85-894C-054DCC066EEA}.Debug|x86.Build.0 = Debug|iPhone
		{7EE2A5F3-36D6-4B85-894C-054DCC066EEA}.Debug|x86.Deploy.0 = Debug|iPhone
		{7EE2A5F3-36D6-4B85-894C-054DCC066EEA}.Release|Any CPU.ActiveCfg = Release|iPhone
		{7EE2A5F3-36D6-4B85-894C-054DCC066EEA}.Release|Any CPU.Build.0 = Release|iPhone
		{7EE2A5F3-36D6-4B85-894C-054DCC066EEA}.Release|Any CPU.Deploy.0 = Release|iPhone
		{7EE2A5F3-36D6-4B85-894C-054DCC066EEA}.Release|ARM.ActiveCfg = Release|iPhone
		{7EE2A5F3-36D6-4B85-894C-054DCC066EEA}.Release|ARM.Build.0 = Release|iPhone
		{7EE2A5F3-36D6-4B85-894C-054DCC066EEA}.Release|ARM.Deploy.0 = Release|iPhone
		{7EE2A5F3-36D6-4B85-894C-054DCC066EEA}.Release|iPhone.ActiveCfg = Release|iPhone
		{7EE2A5F3-36D6-4B85-894C-054DCC066EEA}.Release|iPhone.Build.0 = Release|iPhone
		{7EE2A5F3-36D6-4B85-894C-054DCC066EEA}.Release|iPhone.Deploy.0 = Release|iPhone
		{7EE2A5F3-36D6-4B85-894C-054DCC066EEA}.Release|iPhoneSimulator.ActiveCfg = Release|iPhoneSimulator
		{7EE2A5F3-36D6-4B85-894C-054DCC066EEA}.Release|iPhoneSimulator.Build.0 = Release|iPhoneSimulator
		{7EE2A5F3-36D6-4B85-894C-054DCC066EEA}.Release|iPhoneSimulator.Deploy.0 = Release|iPhoneSimulator
		{7EE2A5F3-36D6-4B85-894C-054DCC066EEA}.Release|x64.ActiveCfg = Release|iPhone
		{7EE2A5F3-36D6-4B85-894C-054DCC066EEA}.Release|x64.Build.0 = Release|iPhone
		{7EE2A5F3-36D6-4B85-894C-054DCC066EEA}.Release|x64.Deploy.0 = Release|iPhone
		{7EE2A5F3-36D6-4B85-894C-054DCC066EEA}.Release|x86.ActiveCfg = Release|iPhone
		{7EE2A5F3-36D6-4B85-894C-054DCC066EEA}.Release|x86.Build.0 = Release|iPhone
		{7EE2A5F3-36D6-4B85-894C-054DCC066EEA}.Release|x86.Deploy.0 = Release|iPhone
		{065940E8-3CAD-486E-AB17-6C8535DA4C0C}.Debug|Any CPU.ActiveCfg = Debug|Any CPU
		{065940E8-3CAD-486E-AB17-6C8535DA4C0C}.Debug|Any CPU.Build.0 = Debug|Any CPU
		{065940E8-3CAD-486E-AB17-6C8535DA4C0C}.Debug|Any CPU.Deploy.0 = Debug|Any CPU
		{065940E8-3CAD-486E-AB17-6C8535DA4C0C}.Debug|ARM.ActiveCfg = Debug|Any CPU
		{065940E8-3CAD-486E-AB17-6C8535DA4C0C}.Debug|ARM.Build.0 = Debug|Any CPU
		{065940E8-3CAD-486E-AB17-6C8535DA4C0C}.Debug|ARM.Deploy.0 = Debug|Any CPU
		{065940E8-3CAD-486E-AB17-6C8535DA4C0C}.Debug|iPhone.ActiveCfg = Debug|Any CPU
		{065940E8-3CAD-486E-AB17-6C8535DA4C0C}.Debug|iPhone.Build.0 = Debug|Any CPU
		{065940E8-3CAD-486E-AB17-6C8535DA4C0C}.Debug|iPhone.Deploy.0 = Debug|Any CPU
		{065940E8-3CAD-486E-AB17-6C8535DA4C0C}.Debug|iPhoneSimulator.ActiveCfg = Debug|Any CPU
		{065940E8-3CAD-486E-AB17-6C8535DA4C0C}.Debug|iPhoneSimulator.Build.0 = Debug|Any CPU
		{065940E8-3CAD-486E-AB17-6C8535DA4C0C}.Debug|iPhoneSimulator.Deploy.0 = Debug|Any CPU
		{065940E8-3CAD-486E-AB17-6C8535DA4C0C}.Debug|x64.ActiveCfg = Debug|Any CPU
		{065940E8-3CAD-486E-AB17-6C8535DA4C0C}.Debug|x64.Build.0 = Debug|Any CPU
		{065940E8-3CAD-486E-AB17-6C8535DA4C0C}.Debug|x64.Deploy.0 = Debug|Any CPU
		{065940E8-3CAD-486E-AB17-6C8535DA4C0C}.Debug|x86.ActiveCfg = Debug|Any CPU
		{065940E8-3CAD-486E-AB17-6C8535DA4C0C}.Debug|x86.Build.0 = Debug|Any CPU
		{065940E8-3CAD-486E-AB17-6C8535DA4C0C}.Debug|x86.Deploy.0 = Debug|Any CPU
		{065940E8-3CAD-486E-AB17-6C8535DA4C0C}.Release|Any CPU.ActiveCfg = Release|Any CPU
		{065940E8-3CAD-486E-AB17-6C8535DA4C0C}.Release|Any CPU.Build.0 = Release|Any CPU
		{065940E8-3CAD-486E-AB17-6C8535DA4C0C}.Release|Any CPU.Deploy.0 = Release|Any CPU
		{065940E8-3CAD-486E-AB17-6C8535DA4C0C}.Release|ARM.ActiveCfg = Release|Any CPU
		{065940E8-3CAD-486E-AB17-6C8535DA4C0C}.Release|ARM.Build.0 = Release|Any CPU
		{065940E8-3CAD-486E-AB17-6C8535DA4C0C}.Release|ARM.Deploy.0 = Release|Any CPU
		{065940E8-3CAD-486E-AB17-6C8535DA4C0C}.Release|iPhone.ActiveCfg = Release|Any CPU
		{065940E8-3CAD-486E-AB17-6C8535DA4C0C}.Release|iPhone.Build.0 = Release|Any CPU
		{065940E8-3CAD-486E-AB17-6C8535DA4C0C}.Release|iPhone.Deploy.0 = Release|Any CPU
		{065940E8-3CAD-486E-AB17-6C8535DA4C0C}.Release|iPhoneSimulator.ActiveCfg = Release|Any CPU
		{065940E8-3CAD-486E-AB17-6C8535DA4C0C}.Release|iPhoneSimulator.Build.0 = Release|Any CPU
		{065940E8-3CAD-486E-AB17-6C8535DA4C0C}.Release|iPhoneSimulator.Deploy.0 = Release|Any CPU
		{065940E8-3CAD-486E-AB17-6C8535DA4C0C}.Release|x64.ActiveCfg = Release|Any CPU
		{065940E8-3CAD-486E-AB17-6C8535DA4C0C}.Release|x64.Build.0 = Release|Any CPU
		{065940E8-3CAD-486E-AB17-6C8535DA4C0C}.Release|x64.Deploy.0 = Release|Any CPU
		{065940E8-3CAD-486E-AB17-6C8535DA4C0C}.Release|x86.ActiveCfg = Release|Any CPU
		{065940E8-3CAD-486E-AB17-6C8535DA4C0C}.Release|x86.Build.0 = Release|Any CPU
		{065940E8-3CAD-486E-AB17-6C8535DA4C0C}.Release|x86.Deploy.0 = Release|Any CPU
	EndGlobalSection
	GlobalSection(SolutionProperties) = preSolution
		HideSolutionNode = FALSE
	EndGlobalSection
	GlobalSection(ExtensibilityGlobals) = postSolution
		SolutionGuid = {E42FD69E-1B6B-4F49-B234-BF2C42EA02F5}
	EndGlobalSection
EndGlobal
